# This file is automatically @generated by Cargo.
# It is not intended for manual editing.
version = 3

[[package]]
name = "glyim-cli"
version = "0.1.0"
dependencies = [
 "glyim-codegen-llvm",
 "glyim-diag",
 "glyim-hir",
 "glyim-macro-core",
 "glyim-macro-vfs",
 "glyim-parse",
 "glyim-typeck",
]

[[package]]
name = "glyim-codegen-llvm"
version = "0.1.0"
dependencies = [
 "glyim-hir",
]

[[package]]
name = "glyim-diag"
version = "0.1.0"

[[package]]
name = "glyim-hir"
version = "0.1.0"
dependencies = [
 "glyim-interner",
]

[[package]]
name = "glyim-interner"
version = "0.1.0"

[[package]]
name = "glyim-lex"
version = "0.1.0"
dependencies = [
 "glyim-diag",
 "glyim-syntax",
]

[[package]]
name = "glyim-macro-core"
version = "0.1.0"
dependencies = [
 "glyim-diag",
 "glyim-interner",
 "glyim-syntax",
]

[[package]]
name = "glyim-macro-vfs"
version = "0.1.0"

[[package]]
name = "glyim-parse"
version = "0.1.0"
dependencies = [
 "glyim-diag",
 "glyim-interner",
 "glyim-lex",
 "glyim-syntax",
]

[[package]]
name = "glyim-syntax"
version = "0.1.0"

[[package]]
name = "glyim-typeck"
version = "0.1.0"
dependencies = [
 "glyim-hir",
 "glyim-interner",
]
